
Microsoft Visual Studio Solution File, Format Version 12.00
# Visual Studio Version 16
VisualStudioVersion = 16.0.31410.357
MinimumVisualStudioVersion = 10.0.40219.1
Project("{9A19103F-16F7-4668-BE54-9A1E7A4F7556}") = "CSharp高级", "CSharp高级\CSharp高级.csproj", "{E8610D0A-6DB7-4338-89F0-30E3426F727A}"
EndProject
Project("{9A19103F-16F7-4668-BE54-9A1E7A4F7556}") = "interface01", "interface01\interface01.csproj", "{5C5C2CC5-5759-42F8-AAAD-2782323F648C}"
EndProject
Project("{9A19103F-16F7-4668-BE54-9A1E7A4F7556}") = "interface02", "interface02\interface02.csproj", "{3024C8F6-E597-46C4-B49C-3AF9C57EB017}"
EndProject
Project("{9A19103F-16F7-4668-BE54-9A1E7A4F7556}") = "判断两个对象是否相同", "判断两个对象是否相同\判断两个对象是否相同.csproj", "{EBA5124E-2DFB-4FAC-BF57-50341D57B636}"
EndProject
Project("{9A19103F-16F7-4668-BE54-9A1E7A4F7556}") = "垃圾回收", "垃圾回收\垃圾回收.csproj", "{CAC1BE0A-9F8B-438B-B6E6-0C63765A4A17}"
EndProject
Project("{9A19103F-16F7-4668-BE54-9A1E7A4F7556}") = "入门", "入门\入门.csproj", "{7802121B-FDCF-421F-9931-BB9FBE46BDC4}"
EndProject
Project("{9A19103F-16F7-4668-BE54-9A1E7A4F7556}") = "面向对象", "面向对象\面向对象.csproj", "{F68B6D9C-DF12-4144-86B2-5EE03A0080F5}"
EndProject
Project("{9A19103F-16F7-4668-BE54-9A1E7A4F7556}") = "类库", "类库\类库.csproj", "{853A8AE4-EE52-447C-BE50-F7BA650AF57C}"
EndProject
Project("{9A19103F-16F7-4668-BE54-9A1E7A4F7556}") = "_struct", "_struct\_struct.csproj", "{B67F9C80-CAC0-483B-A93E-1D6FB33C6A52}"
EndProject
Project("{9A19103F-16F7-4668-BE54-9A1E7A4F7556}") = "_集合", "_集合\_集合.csproj", "{FB09D6C9-1BB4-437D-94C7-4DA2E0F84631}"
EndProject
Project("{9A19103F-16F7-4668-BE54-9A1E7A4F7556}") = "迭代器", "迭代器\迭代器.csproj", "{90D0477C-7B3A-4BF2-BB93-8DA24699A036}"
EndProject
Project("{9A19103F-16F7-4668-BE54-9A1E7A4F7556}") = "深度复制", "深度复制\深度复制.csproj", "{FFD3955B-3CE1-411E-A46A-524F7C5B337D}"
EndProject
Project("{2150E333-8FDC-42A3-9474-1A3956D46DE8}") = "入门经典", "入门经典", "{798724DE-2C92-4444-872F-BCE6C93D1C05}"
EndProject
Project("{2150E333-8FDC-42A3-9474-1A3956D46DE8}") = "2021年6月26日", "2021年6月26日", "{C06D128E-64A5-4044-9BF9-B1D5151803B3}"
EndProject
Project("{2150E333-8FDC-42A3-9474-1A3956D46DE8}") = "_以前", "_以前", "{BBD7BB3E-B23C-4176-8038-1BC7C36F2C68}"
EndProject
Project("{9A19103F-16F7-4668-BE54-9A1E7A4F7556}") = "is运算符", "is运算符\is运算符.csproj", "{CBD4B0B6-B768-4005-9DE9-56F47127DA1F}"
EndProject
Project("{9A19103F-16F7-4668-BE54-9A1E7A4F7556}") = "重载操作符", "重载操作符\重载操作符.csproj", "{251F4B69-40FD-460D-AAF6-0017F7E53530}"
EndProject
Project("{2150E333-8FDC-42A3-9474-1A3956D46DE8}") = "2021年6月27日", "2021年6月27日", "{95021399-7DF6-4A33-81AF-991AA8299AF5}"
EndProject
Project("{9A19103F-16F7-4668-BE54-9A1E7A4F7556}") = "泛型", "泛型\泛型.csproj", "{71D7322B-B9E7-4071-AAB7-FCCED6F821C8}"
EndProject
Project("{9A19103F-16F7-4668-BE54-9A1E7A4F7556}") = "事件", "时间\事件.csproj", "{3D321091-691C-4C46-849B-B06BD152AD87}"
EndProject
Global
	GlobalSection(SolutionConfigurationPlatforms) = preSolution
		Debug|Any CPU = Debug|Any CPU
		Release|Any CPU = Release|Any CPU
	EndGlobalSection
	GlobalSection(ProjectConfigurationPlatforms) = postSolution
		{E8610D0A-6DB7-4338-89F0-30E3426F727A}.Debug|Any CPU.ActiveCfg = Debug|Any CPU
		{E8610D0A-6DB7-4338-89F0-30E3426F727A}.Debug|Any CPU.Build.0 = Debug|Any CPU
		{E8610D0A-6DB7-4338-89F0-30E3426F727A}.Release|Any CPU.ActiveCfg = Release|Any CPU
		{E8610D0A-6DB7-4338-89F0-30E3426F727A}.Release|Any CPU.Build.0 = Release|Any CPU
		{5C5C2CC5-5759-42F8-AAAD-2782323F648C}.Debug|Any CPU.ActiveCfg = Debug|Any CPU
		{5C5C2CC5-5759-42F8-AAAD-2782323F648C}.Debug|Any CPU.Build.0 = Debug|Any CPU
		{5C5C2CC5-5759-42F8-AAAD-2782323F648C}.Release|Any CPU.ActiveCfg = Release|Any CPU
		{5C5C2CC5-5759-42F8-AAAD-2782323F648C}.Release|Any CPU.Build.0 = Release|Any CPU
		{3024C8F6-E597-46C4-B49C-3AF9C57EB017}.Debug|Any CPU.ActiveCfg = Debug|Any CPU
		{3024C8F6-E597-46C4-B49C-3AF9C57EB017}.Debug|Any CPU.Build.0 = Debug|Any CPU
		{3024C8F6-E597-46C4-B49C-3AF9C57EB017}.Release|Any CPU.ActiveCfg = Release|Any CPU
		{3024C8F6-E597-46C4-B49C-3AF9C57EB017}.Release|Any CPU.Build.0 = Release|Any CPU
		{EBA5124E-2DFB-4FAC-BF57-50341D57B636}.Debug|Any CPU.ActiveCfg = Debug|Any CPU
		{EBA5124E-2DFB-4FAC-BF57-50341D57B636}.Debug|Any CPU.Build.0 = Debug|Any CPU
		{EBA5124E-2DFB-4FAC-BF57-50341D57B636}.Release|Any CPU.ActiveCfg = Release|Any CPU
		{EBA5124E-2DFB-4FAC-BF57-50341D57B636}.Release|Any CPU.Build.0 = Release|Any CPU
		{CAC1BE0A-9F8B-438B-B6E6-0C63765A4A17}.Debug|Any CPU.ActiveCfg = Debug|Any CPU
		{CAC1BE0A-9F8B-438B-B6E6-0C63765A4A17}.Debug|Any CPU.Build.0 = Debug|Any CPU
		{CAC1BE0A-9F8B-438B-B6E6-0C63765A4A17}.Release|Any CPU.ActiveCfg = Release|Any CPU
		{CAC1BE0A-9F8B-438B-B6E6-0C63765A4A17}.Release|Any CPU.Build.0 = Release|Any CPU
		{7802121B-FDCF-421F-9931-BB9FBE46BDC4}.Debug|Any CPU.ActiveCfg = Debug|Any CPU
		{7802121B-FDCF-421F-9931-BB9FBE46BDC4}.Debug|Any CPU.Build.0 = Debug|Any CPU
		{7802121B-FDCF-421F-9931-BB9FBE46BDC4}.Release|Any CPU.ActiveCfg = Release|Any CPU
		{7802121B-FDCF-421F-9931-BB9FBE46BDC4}.Release|Any CPU.Build.0 = Release|Any CPU
		{F68B6D9C-DF12-4144-86B2-5EE03A0080F5}.Debug|Any CPU.ActiveCfg = Debug|Any CPU
		{F68B6D9C-DF12-4144-86B2-5EE03A0080F5}.Debug|Any CPU.Build.0 = Debug|Any CPU
		{F68B6D9C-DF12-4144-86B2-5EE03A0080F5}.Release|Any CPU.ActiveCfg = Release|Any CPU
		{F68B6D9C-DF12-4144-86B2-5EE03A0080F5}.Release|Any CPU.Build.0 = Release|Any CPU
		{853A8AE4-EE52-447C-BE50-F7BA650AF57C}.Debug|Any CPU.ActiveCfg = Debug|Any CPU
		{853A8AE4-EE52-447C-BE50-F7BA650AF57C}.Debug|Any CPU.Build.0 = Debug|Any CPU
		{853A8AE4-EE52-447C-BE50-F7BA650AF57C}.Release|Any CPU.ActiveCfg = Release|Any CPU
		{853A8AE4-EE52-447C-BE50-F7BA650AF57C}.Release|Any CPU.Build.0 = Release|Any CPU
		{B67F9C80-CAC0-483B-A93E-1D6FB33C6A52}.Debug|Any CPU.ActiveCfg = Debug|Any CPU
		{B67F9C80-CAC0-483B-A93E-1D6FB33C6A52}.Debug|Any CPU.Build.0 = Debug|Any CPU
		{B67F9C80-CAC0-483B-A93E-1D6FB33C6A52}.Release|Any CPU.ActiveCfg = Release|Any CPU
		{B67F9C80-CAC0-483B-A93E-1D6FB33C6A52}.Release|Any CPU.Build.0 = Release|Any CPU
		{FB09D6C9-1BB4-437D-94C7-4DA2E0F84631}.Debug|Any CPU.ActiveCfg = Debug|Any CPU
		{FB09D6C9-1BB4-437D-94C7-4DA2E0F84631}.Debug|Any CPU.Build.0 = Debug|Any CPU
		{FB09D6C9-1BB4-437D-94C7-4DA2E0F84631}.Release|Any CPU.ActiveCfg = Release|Any CPU
		{FB09D6C9-1BB4-437D-94C7-4DA2E0F84631}.Release|Any CPU.Build.0 = Release|Any CPU
		{90D0477C-7B3A-4BF2-BB93-8DA24699A036}.Debug|Any CPU.ActiveCfg = Debug|Any CPU
		{90D0477C-7B3A-4BF2-BB93-8DA24699A036}.Debug|Any CPU.Build.0 = Debug|Any CPU
		{90D0477C-7B3A-4BF2-BB93-8DA24699A036}.Release|Any CPU.ActiveCfg = Release|Any CPU
		{90D0477C-7B3A-4BF2-BB93-8DA24699A036}.Release|Any CPU.Build.0 = Release|Any CPU
		{FFD3955B-3CE1-411E-A46A-524F7C5B337D}.Debug|Any CPU.ActiveCfg = Debug|Any CPU
		{FFD3955B-3CE1-411E-A46A-524F7C5B337D}.Debug|Any CPU.Build.0 = Debug|Any CPU
		{FFD3955B-3CE1-411E-A46A-524F7C5B337D}.Release|Any CPU.ActiveCfg = Release|Any CPU
		{FFD3955B-3CE1-411E-A46A-524F7C5B337D}.Release|Any CPU.Build.0 = Release|Any CPU
		{CBD4B0B6-B768-4005-9DE9-56F47127DA1F}.Debug|Any CPU.ActiveCfg = Debug|Any CPU
		{CBD4B0B6-B768-4005-9DE9-56F47127DA1F}.Debug|Any CPU.Build.0 = Debug|Any CPU
		{CBD4B0B6-B768-4005-9DE9-56F47127DA1F}.Release|Any CPU.ActiveCfg = Release|Any CPU
		{CBD4B0B6-B768-4005-9DE9-56F47127DA1F}.Release|Any CPU.Build.0 = Release|Any CPU
		{251F4B69-40FD-460D-AAF6-0017F7E53530}.Debug|Any CPU.ActiveCfg = Debug|Any CPU
		{251F4B69-40FD-460D-AAF6-0017F7E53530}.Debug|Any CPU.Build.0 = Debug|Any CPU
		{251F4B69-40FD-460D-AAF6-0017F7E53530}.Release|Any CPU.ActiveCfg = Release|Any CPU
		{251F4B69-40FD-460D-AAF6-0017F7E53530}.Release|Any CPU.Build.0 = Release|Any CPU
		{71D7322B-B9E7-4071-AAB7-FCCED6F821C8}.Debug|Any CPU.ActiveCfg = Debug|Any CPU
		{71D7322B-B9E7-4071-AAB7-FCCED6F821C8}.Debug|Any CPU.Build.0 = Debug|Any CPU
		{71D7322B-B9E7-4071-AAB7-FCCED6F821C8}.Release|Any CPU.ActiveCfg = Release|Any CPU
		{71D7322B-B9E7-4071-AAB7-FCCED6F821C8}.Release|Any CPU.Build.0 = Release|Any CPU
		{3D321091-691C-4C46-849B-B06BD152AD87}.Debug|Any CPU.ActiveCfg = Debug|Any CPU
		{3D321091-691C-4C46-849B-B06BD152AD87}.Debug|Any CPU.Build.0 = Debug|Any CPU
		{3D321091-691C-4C46-849B-B06BD152AD87}.Release|Any CPU.ActiveCfg = Release|Any CPU
		{3D321091-691C-4C46-849B-B06BD152AD87}.Release|Any CPU.Build.0 = Release|Any CPU
	EndGlobalSection
	GlobalSection(SolutionProperties) = preSolution
		HideSolutionNode = FALSE
	EndGlobalSection
	GlobalSection(NestedProjects) = preSolution
		{E8610D0A-6DB7-4338-89F0-30E3426F727A} = {BBD7BB3E-B23C-4176-8038-1BC7C36F2C68}
		{5C5C2CC5-5759-42F8-AAAD-2782323F648C} = {BBD7BB3E-B23C-4176-8038-1BC7C36F2C68}
		{3024C8F6-E597-46C4-B49C-3AF9C57EB017} = {BBD7BB3E-B23C-4176-8038-1BC7C36F2C68}
		{EBA5124E-2DFB-4FAC-BF57-50341D57B636} = {BBD7BB3E-B23C-4176-8038-1BC7C36F2C68}
		{CAC1BE0A-9F8B-438B-B6E6-0C63765A4A17} = {BBD7BB3E-B23C-4176-8038-1BC7C36F2C68}
		{7802121B-FDCF-421F-9931-BB9FBE46BDC4} = {BBD7BB3E-B23C-4176-8038-1BC7C36F2C68}
		{F68B6D9C-DF12-4144-86B2-5EE03A0080F5} = {BBD7BB3E-B23C-4176-8038-1BC7C36F2C68}
		{853A8AE4-EE52-447C-BE50-F7BA650AF57C} = {BBD7BB3E-B23C-4176-8038-1BC7C36F2C68}
		{B67F9C80-CAC0-483B-A93E-1D6FB33C6A52} = {BBD7BB3E-B23C-4176-8038-1BC7C36F2C68}
		{FB09D6C9-1BB4-437D-94C7-4DA2E0F84631} = {C06D128E-64A5-4044-9BF9-B1D5151803B3}
		{90D0477C-7B3A-4BF2-BB93-8DA24699A036} = {C06D128E-64A5-4044-9BF9-B1D5151803B3}
		{FFD3955B-3CE1-411E-A46A-524F7C5B337D} = {C06D128E-64A5-4044-9BF9-B1D5151803B3}
		{C06D128E-64A5-4044-9BF9-B1D5151803B3} = {798724DE-2C92-4444-872F-BCE6C93D1C05}
		{BBD7BB3E-B23C-4176-8038-1BC7C36F2C68} = {798724DE-2C92-4444-872F-BCE6C93D1C05}
		{CBD4B0B6-B768-4005-9DE9-56F47127DA1F} = {C06D128E-64A5-4044-9BF9-B1D5151803B3}
		{251F4B69-40FD-460D-AAF6-0017F7E53530} = {C06D128E-64A5-4044-9BF9-B1D5151803B3}
		{95021399-7DF6-4A33-81AF-991AA8299AF5} = {798724DE-2C92-4444-872F-BCE6C93D1C05}
		{71D7322B-B9E7-4071-AAB7-FCCED6F821C8} = {95021399-7DF6-4A33-81AF-991AA8299AF5}
		{3D321091-691C-4C46-849B-B06BD152AD87} = {95021399-7DF6-4A33-81AF-991AA8299AF5}
	EndGlobalSection
	GlobalSection(ExtensibilityGlobals) = postSolution
		SolutionGuid = {71CE8BEC-3B26-478F-BB09-716F9C92A0A3}
	EndGlobalSection
EndGlobal
